github.com/davecgh/go-spew v1.1.1 h1:vj9j/u1bqnvCEfJOwUhtlOARqs3+rkHYY13jYWTU97c=
github.com/davecgh/go-spew v1.1.1/go.mod h1:J7Y8YcW2NihsgmVo/mv3lAwl/skON4iLHjSsI+c5H38=
github.com/facebookgo/ensure v0.0.0-20200202191622-63f1cf65ac4c h1:8ISkoahWXwZR41ois5lSJBSVw4D0OV19Ht/JSTzvSv0=
github.com/facebookgo/ensure v0.0.0-20200202191622-63f1cf65ac4c/go.mod h1:Yg+htXGokKKdzcwhuNDwVvN+uBxDGXJ7G/VN1d8fa64=
github.com/facebookgo/stack v0.0.0-20160209184415-751773369052 h1:JWuenKqqX8nojtoVVWjGfOF9635RETekkoH6Cc9SX0A=
github.com/facebookgo/stack v0.0.0-20160209184415-751773369052/go.mod h1:UbMTZqLaRiH3MsBH8va0n7s1pQYcu3uTb8G4tygF4Zg=
github.com/facebookgo/subset v0.0.0-20200203212716-c811ad88dec4 h1:7HZCaLC5+BZpmbhCOZJ293Lz68O7PYrF2EzeiFMwCLk=
github.com/facebookgo/subset v0.0.0-20200203212716-c811ad88dec4/go.mod h1:5tD+neXqOorC30/tWg0LCSkrqj/AR6gu8yY8/fpw1q0=
github.com/facebookgo/symwalk v0.0.0-20150726040526-42004b9f3222 h1:ivxAxcE9py2xLAqpcEwN7sN711aLfEWgh3cY0aha7uY=
github.com/facebookgo/symwalk v0.0.0-20150726040526-42004b9f3222/go.mod h1:PgrCjL2+FgkITqxQI+erRTONtAv4JkpOzun5ozKW/Jg=
github.com/facebookgo/testname v0.0.0-20150612200628-5443337c3a12 h1:pKeuUgeuL6jk/FpxSr0ZVL1XEiOmrcWBvB2rKXu0mMI=
github.com/facebookgo/testname v0.0.0-20150612200628-5443337c3a12/go.mod h1:IYed2VYeQcs7JTN6KiVXjaz6Rv/Qz092Wjc6o5bCJ9I=
github.com/gocarina/gocsv v0.0.0-20200330101823-46266ca37bd3 h1:B7k6N+JlLM/u1xrIkpifUfE7GRJsZIYHoHbiAa5cSP4=
github.com/gocarina/gocsv v0.0.0-20200330101823-46266ca37bd3/go.mod h1:5YoVOkjYAQumqlV356Hj3xeYh4BdZuLE0/nRkf2NKkI=
github.com/mattn/go-zglob v0.0.3 h1:6Ry4EYsScDyt5di4OI6xw1bYhOqfE5S33Z1OPy+d+To=
github.com/mattn/go-zglob v0.0.3/go.mod h1:9fxibJccNxU2cnpIKLRRFA7zX7qhkJIQWBb449FYHOo=
github.com/ziutek/rrd v0.0.3 h1:tGu7Dy0Z2Ij0qF7/7+fqWBZlM0j2Kp/RoTEG3+zHXjQ=
github.com/ziutek/rrd v0.0.3/go.mod h1:PAFbtWhFYrVeILz+2a6OKKdLYk8RlPJotQXlj7O0Z0A=
